
Microsoft Visual Studio Solution File, Format Version 12.00
# Visual Studio Version 16
VisualStudioVersion = 16.0.30523.141
MinimumVisualStudioVersion = 10.0.40219.1
Project("{C7167F0D-BC9F-4E6E-AFE1-012C56B48DB5}") = "CaptureC.Packaging", "CaptureC.Packaging\CaptureC.Packaging.wapproj", "{E8FBEB3D-2CA9-4825-90A4-70D1646BFA3A}"
EndProject
Project("{9A19103F-16F7-4668-BE54-9A1E7A4F7556}") = "CaptureC", "CaptureC\CaptureC.csproj", "{F1E7C7B8-0DA3-4952-A1BE-D95C96277446}"
EndProject
Project("{9A19103F-16F7-4668-BE54-9A1E7A4F7556}") = "CaptureC.Core", "CaptureC.Core\CaptureC.Core.csproj", "{E84DC4BD-1C69-4F7C-9B58-FA31A1FD9ED0}"
EndProject
Global
	GlobalSection(SolutionConfigurationPlatforms) = preSolution
		Debug|Any CPU = Debug|Any CPU
		Debug|ARM = Debug|ARM
		Debug|ARM64 = Debug|ARM64
		Debug|x64 = Debug|x64
		Debug|x86 = Debug|x86
		Release|Any CPU = Release|Any CPU
		Release|ARM = Release|ARM
		Release|ARM64 = Release|ARM64
		Release|x64 = Release|x64
		Release|x86 = Release|x86
	EndGlobalSection
	GlobalSection(ProjectConfigurationPlatforms) = postSolution
		{E8FBEB3D-2CA9-4825-90A4-70D1646BFA3A}.Debug|Any CPU.ActiveCfg = Debug|x86
		{E8FBEB3D-2CA9-4825-90A4-70D1646BFA3A}.Debug|ARM.ActiveCfg = Debug|ARM
		{E8FBEB3D-2CA9-4825-90A4-70D1646BFA3A}.Debug|ARM.Build.0 = Debug|ARM
		{E8FBEB3D-2CA9-4825-90A4-70D1646BFA3A}.Debug|ARM.Deploy.0 = Debug|ARM
		{E8FBEB3D-2CA9-4825-90A4-70D1646BFA3A}.Debug|ARM64.ActiveCfg = Debug|ARM64
		{E8FBEB3D-2CA9-4825-90A4-70D1646BFA3A}.Debug|ARM64.Build.0 = Debug|ARM64
		{E8FBEB3D-2CA9-4825-90A4-70D1646BFA3A}.Debug|ARM64.Deploy.0 = Debug|ARM64
		{E8FBEB3D-2CA9-4825-90A4-70D1646BFA3A}.Debug|x64.ActiveCfg = Debug|x64
		{E8FBEB3D-2CA9-4825-90A4-70D1646BFA3A}.Debug|x64.Build.0 = Debug|x64
		{E8FBEB3D-2CA9-4825-90A4-70D1646BFA3A}.Debug|x64.Deploy.0 = Debug|x64
		{E8FBEB3D-2CA9-4825-90A4-70D1646BFA3A}.Debug|x86.ActiveCfg = Debug|x86
		{E8FBEB3D-2CA9-4825-90A4-70D1646BFA3A}.Debug|x86.Build.0 = Debug|x86
		{E8FBEB3D-2CA9-4825-90A4-70D1646BFA3A}.Debug|x86.Deploy.0 = Debug|x86
		{E8FBEB3D-2CA9-4825-90A4-70D1646BFA3A}.Release|Any CPU.ActiveCfg = Release|x86
		{E8FBEB3D-2CA9-4825-90A4-70D1646BFA3A}.Release|ARM.ActiveCfg = Release|ARM
		{E8FBEB3D-2CA9-4825-90A4-70D1646BFA3A}.Release|ARM.Build.0 = Release|ARM
		{E8FBEB3D-2CA9-4825-90A4-70D1646BFA3A}.Release|ARM.Deploy.0 = Release|ARM
		{E8FBEB3D-2CA9-4825-90A4-70D1646BFA3A}.Release|ARM64.ActiveCfg = Release|ARM64
		{E8FBEB3D-2CA9-4825-90A4-70D1646BFA3A}.Release|ARM64.Build.0 = Release|ARM64
		{E8FBEB3D-2CA9-4825-90A4-70D1646BFA3A}.Release|ARM64.Deploy.0 = Release|ARM64
		{E8FBEB3D-2CA9-4825-90A4-70D1646BFA3A}.Release|x64.ActiveCfg = Release|x64
		{E8FBEB3D-2CA9-4825-90A4-70D1646BFA3A}.Release|x64.Build.0 = Release|x64
		{E8FBEB3D-2CA9-4825-90A4-70D1646BFA3A}.Release|x64.Deploy.0 = Release|x64
		{E8FBEB3D-2CA9-4825-90A4-70D1646BFA3A}.Release|x86.ActiveCfg = Release|x86
		{E8FBEB3D-2CA9-4825-90A4-70D1646BFA3A}.Release|x86.Build.0 = Release|x86
		{E8FBEB3D-2CA9-4825-90A4-70D1646BFA3A}.Release|x86.Deploy.0 = Release|x86
		{F1E7C7B8-0DA3-4952-A1BE-D95C96277446}.Debug|Any CPU.ActiveCfg = Debug|x86
		{F1E7C7B8-0DA3-4952-A1BE-D95C96277446}.Debug|ARM.ActiveCfg = Debug|x86
		{F1E7C7B8-0DA3-4952-A1BE-D95C96277446}.Debug|ARM64.ActiveCfg = Debug|x86
		{F1E7C7B8-0DA3-4952-A1BE-D95C96277446}.Debug|x64.ActiveCfg = Debug|x64
		{F1E7C7B8-0DA3-4952-A1BE-D95C96277446}.Debug|x64.Build.0 = Debug|x64
		{F1E7C7B8-0DA3-4952-A1BE-D95C96277446}.Debug|x86.ActiveCfg = Debug|x86
		{F1E7C7B8-0DA3-4952-A1BE-D95C96277446}.Debug|x86.Build.0 = Debug|x86
		{F1E7C7B8-0DA3-4952-A1BE-D95C96277446}.Release|Any CPU.ActiveCfg = Release|x86
		{F1E7C7B8-0DA3-4952-A1BE-D95C96277446}.Release|ARM.ActiveCfg = Release|x86
		{F1E7C7B8-0DA3-4952-A1BE-D95C96277446}.Release|ARM64.ActiveCfg = Release|x86
		{F1E7C7B8-0DA3-4952-A1BE-D95C96277446}.Release|x64.ActiveCfg = Release|x64
		{F1E7C7B8-0DA3-4952-A1BE-D95C96277446}.Release|x64.Build.0 = Release|x64
		{F1E7C7B8-0DA3-4952-A1BE-D95C96277446}.Release|x86.ActiveCfg = Release|x86
		{F1E7C7B8-0DA3-4952-A1BE-D95C96277446}.Release|x86.Build.0 = Release|x86
		{E84DC4BD-1C69-4F7C-9B58-FA31A1FD9ED0}.Debug|Any CPU.ActiveCfg = Debug|Any CPU
		{E84DC4BD-1C69-4F7C-9B58-FA31A1FD9ED0}.Debug|Any CPU.Build.0 = Debug|Any CPU
		{E84DC4BD-1C69-4F7C-9B58-FA31A1FD9ED0}.Debug|ARM.ActiveCfg = Debug|Any CPU
		{E84DC4BD-1C69-4F7C-9B58-FA31A1FD9ED0}.Debug|ARM.Build.0 = Debug|Any CPU
		{E84DC4BD-1C69-4F7C-9B58-FA31A1FD9ED0}.Debug|ARM64.ActiveCfg = Debug|Any CPU
		{E84DC4BD-1C69-4F7C-9B58-FA31A1FD9ED0}.Debug|ARM64.Build.0 = Debug|Any CPU
		{E84DC4BD-1C69-4F7C-9B58-FA31A1FD9ED0}.Debug|x64.ActiveCfg = Debug|x64
		{E84DC4BD-1C69-4F7C-9B58-FA31A1FD9ED0}.Debug|x64.Build.0 = Debug|x64
		{E84DC4BD-1C69-4F7C-9B58-FA31A1FD9ED0}.Debug|x86.ActiveCfg = Debug|x86
		{E84DC4BD-1C69-4F7C-9B58-FA31A1FD9ED0}.Debug|x86.Build.0 = Debug|x86
		{E84DC4BD-1C69-4F7C-9B58-FA31A1FD9ED0}.Release|Any CPU.ActiveCfg = Release|Any CPU
		{E84DC4BD-1C69-4F7C-9B58-FA31A1FD9ED0}.Release|Any CPU.Build.0 = Release|Any CPU
		{E84DC4BD-1C69-4F7C-9B58-FA31A1FD9ED0}.Release|ARM.ActiveCfg = Release|Any CPU
		{E84DC4BD-1C69-4F7C-9B58-FA31A1FD9ED0}.Release|ARM.Build.0 = Release|Any CPU
		{E84DC4BD-1C69-4F7C-9B58-FA31A1FD9ED0}.Release|ARM64.ActiveCfg = Release|Any CPU
		{E84DC4BD-1C69-4F7C-9B58-FA31A1FD9ED0}.Release|ARM64.Build.0 = Release|Any CPU
		{E84DC4BD-1C69-4F7C-9B58-FA31A1FD9ED0}.Release|x64.ActiveCfg = Release|x64
		{E84DC4BD-1C69-4F7C-9B58-FA31A1FD9ED0}.Release|x64.Build.0 = Release|x64
		{E84DC4BD-1C69-4F7C-9B58-FA31A1FD9ED0}.Release|x86.ActiveCfg = Release|x86
		{E84DC4BD-1C69-4F7C-9B58-FA31A1FD9ED0}.Release|x86.Build.0 = Release|x86
	EndGlobalSection
	GlobalSection(SolutionProperties) = preSolution
		HideSolutionNode = FALSE
	EndGlobalSection
	GlobalSection(ExtensibilityGlobals) = postSolution
		SolutionGuid = {BEAA8C20-B86A-485D-9B1D-0C50EBCCA017}
	EndGlobalSection
EndGlobal
